{
  "name": "your-project-name",
  "version": "1.0.0",
  "lockfileVersion": 2,
  "requires": true,
  "packages": {
    "": {
      "name": "your-project-name",
      "version": "1.0.0",
      "dependencies": {
        "levn": "^0.4.1"
      }
    },
    "node_modules/levn": {
      "version": "0.4.1",
      "resolved": "https://registry.npmjs.org/levn/-/levn-0.4.1.tgz",
      "integrity": "sha512-+bT2uH4E5LGE7h/n3evcS/sQlJXCpIp6ym8OWJ5eV6+67Dsql/LaaT7qJBAt2rzfoa/5QBGBhxDix1dMt2kQKQ==",
      "dependencies": {
        "prelude-ls": "^1.2.1",
        "type-check": "~0.4.0"
      },
      "engines": {
        "node": ">= 0.8.0"
      }
    },
    "node_modules/prelude-ls": {
      "version": "1.2.1",
      "resolved": "https://registry.npmjs.org/prelude-ls/-/prelude-ls-1.2.1.tgz",
      "integrity": "sha512-vkcDPrRZo1QZLbn5RLGPpg/WmIQ65qoWWhcGKf/b5eplkkarX0m9z8ppCat4mlOqUsWpyNuYgO3VRyrYHSzX5g==",
      "engines": {
        "node": ">= 0.8.0"
      }
    },
    "node_modules/type-check": {
      "version": "0.4.0",
      "resolved": "https://registry.npmjs.org/type-check/-/type-check-0.4.0.tgz",
      "integrity": "sha512-XleUoc9uwGXqjWwXaUTZAmzMcFZ5858QA2vvx1Ur5xIcixXIP+8LnFDgRplU30us6teqdlskFfu+ae4K79Ooew==",
      "dependencies": {
        "prelude-ls": "^1.2.1"
      },
      "engines": {
        "node": ">= 0.8.0"
      }
    }
  },
  "dependencies": {
    "levn": {
      "version": "0.4.1",
      "resolved": "https://registry.npmjs.org/levn/-/levn-0.4.1.tgz",
      "integrity": "sha512-+bT2uH4E5LGE7h/n3evcS/sQlJXCpIp6ym8OWJ5eV6+67Dsql/LaaT7qJBAt2rzfoa/5QBGBhxDix1dMt2kQKQ==",
      "requires": {
        "prelude-ls": "^1.2.1",
        "type-check": "~0.4.0"
      }
    },
    "prelude-ls": {
      "version": "1.2.1",
      "resolved": "https://registry.npmjs.org/prelude-ls/-/prelude-ls-1.2.1.tgz",
      "integrity": "sha512-vkcDPrRZo1QZLbn5RLGPpg/WmIQ65qoWWhcGKf/b5eplkkarX0m9z8ppCat4mlOqUsWpyNuYgO3VRyrYHSzX5g=="
    },
    "type-check": {
      "version": "0.4.0",
      "resolved": "https://registry.npmjs.org/type-check/-/type-check-0.4.0.tgz",
      "integrity": "sha512-XleUoc9uwGXqjWwXaUTZAmzMcFZ5858QA2vvx1Ur5xIcixXIP+8LnFDgRplU30us6teqdlskFfu+ae4K79Ooew==",
      "requires": {
        "prelude-ls": "^1.2.1"
      }
    }
  }
}
